
Microsoft Visual Studio Solution File, Format Version 12.00
# Visual Studio 15
VisualStudioVersion = 15.0.28010.2046
MinimumVisualStudioVersion = 10.0.40219.1
Project("{FAE04EC0-301F-11D3-BF4B-00C04F79EFBC}") = "Mirosoft.Utilities.Mvc", "Mirosoft.Utilities.Mvc\Mirosoft.Utilities.Mvc.csproj", "{7010DA56-67AD-43B9-9470-50DE9A1603A7}"
EndProject
Project("{FAE04EC0-301F-11D3-BF4B-00C04F79EFBC}") = "Mirosoft.Utilities.Mvc.Test", "Mirosoft.Utilities.Mvc.Test\Mirosoft.Utilities.Mvc.Test.csproj", "{0C2A9FE2-DCE9-4CC3-93E4-E3D8701D45F4}"
EndProject
Global
	GlobalSection(SolutionConfigurationPlatforms) = preSolution
		Debug|Any CPU = Debug|Any CPU
		Release|Any CPU = Release|Any CPU
	EndGlobalSection
	GlobalSection(ProjectConfigurationPlatforms) = postSolution
		{7010DA56-67AD-43B9-9470-50DE9A1603A7}.Debug|Any CPU.ActiveCfg = Debug|Any CPU
		{7010DA56-67AD-43B9-9470-50DE9A1603A7}.Debug|Any CPU.Build.0 = Debug|Any CPU
		{7010DA56-67AD-43B9-9470-50DE9A1603A7}.Release|Any CPU.ActiveCfg = Release|Any CPU
		{7010DA56-67AD-43B9-9470-50DE9A1603A7}.Release|Any CPU.Build.0 = Release|Any CPU
		{0C2A9FE2-DCE9-4CC3-93E4-E3D8701D45F4}.Debug|Any CPU.ActiveCfg = Debug|Any CPU
		{0C2A9FE2-DCE9-4CC3-93E4-E3D8701D45F4}.Debug|Any CPU.Build.0 = Debug|Any CPU
		{0C2A9FE2-DCE9-4CC3-93E4-E3D8701D45F4}.Release|Any CPU.ActiveCfg = Release|Any CPU
		{0C2A9FE2-DCE9-4CC3-93E4-E3D8701D45F4}.Release|Any CPU.Build.0 = Release|Any CPU
	EndGlobalSection
	GlobalSection(SolutionProperties) = preSolution
		HideSolutionNode = FALSE
	EndGlobalSection
	GlobalSection(ExtensibilityGlobals) = postSolution
		SolutionGuid = {572D0EDA-FE0B-473B-8754-D441B93721B1}
	EndGlobalSection
EndGlobal
